
Microsoft Visual Studio Solution File, Format Version 12.00
# Visual Studio Version 16
VisualStudioVersion = 16.0.29001.49
MinimumVisualStudioVersion = 10.0.40219.1
Project("{FAE04EC0-301F-11D3-BF4B-00C04F79EFBC}") = "Cuboid", "Cuboid.csproj", "{9DA64517-1AD1-44AC-BCFE-B28F7014229B}"
EndProject
Global
	GlobalSection(SolutionConfigurationPlatforms) = preSolution
		Debug|Any CPU = Debug|Any CPU
		Release|Any CPU = Release|Any CPU
	EndGlobalSection
	GlobalSection(ProjectConfigurationPlatforms) = postSolution
		{9DA64517-1AD1-44AC-BCFE-B28F7014229B}.Debug|Any CPU.ActiveCfg = Debug|Any CPU
		{9DA64517-1AD1-44AC-BCFE-B28F7014229B}.Debug|Any CPU.Build.0 = Debug|Any CPU
		{9DA64517-1AD1-44AC-BCFE-B28F7014229B}.Release|Any CPU.ActiveCfg = Release|Any CPU
		{9DA64517-1AD1-44AC-BCFE-B28F7014229B}.Release|Any CPU.Build.0 = Release|Any CPU
	EndGlobalSection
	GlobalSection(SolutionProperties) = preSolution
		HideSolutionNode = FALSE
	EndGlobalSection
	GlobalSection(ExtensibilityGlobals) = postSolution
		SolutionGuid = {BCA06FCD-A2B3-45B5-8309-4911A87AE499}
	EndGlobalSection
EndGlobal
